
Microsoft Visual Studio Solution File, Format Version 12.00
# Visual Studio 15
VisualStudioVersion = 15.0.26730.8
MinimumVisualStudioVersion = 10.0.40219.1
Project("{FAE04EC0-301F-11D3-BF4B-00C04F79EFBC}") = "ArrowPointCANBusTool", "ArrowPoint-CANbus-Tools\ArrowPointCANBusTool.csproj", "{E6497F38-3505-4E90-B2B8-B9E58A6BC412}"
EndProject
Project("{FAE04EC0-301F-11D3-BF4B-00C04F79EFBC}") = "ArrowPointCANBusTest", "ArrowPointCANBusTest\ArrowPointCANBusTest.csproj", "{BE5B8206-B57E-45F1-8891-C6D940677C7E}"
EndProject
Global
	GlobalSection(SolutionConfigurationPlatforms) = preSolution
		Debug|Any CPU = Debug|Any CPU
		Release|Any CPU = Release|Any CPU
	EndGlobalSection
	GlobalSection(ProjectConfigurationPlatforms) = postSolution
		{E6497F38-3505-4E90-B2B8-B9E58A6BC412}.Debug|Any CPU.ActiveCfg = Debug|Any CPU
		{E6497F38-3505-4E90-B2B8-B9E58A6BC412}.Debug|Any CPU.Build.0 = Debug|Any CPU
		{E6497F38-3505-4E90-B2B8-B9E58A6BC412}.Release|Any CPU.ActiveCfg = Release|Any CPU
		{E6497F38-3505-4E90-B2B8-B9E58A6BC412}.Release|Any CPU.Build.0 = Release|Any CPU
		{BE5B8206-B57E-45F1-8891-C6D940677C7E}.Debug|Any CPU.ActiveCfg = Debug|Any CPU
		{BE5B8206-B57E-45F1-8891-C6D940677C7E}.Debug|Any CPU.Build.0 = Debug|Any CPU
		{BE5B8206-B57E-45F1-8891-C6D940677C7E}.Release|Any CPU.ActiveCfg = Release|Any CPU
		{BE5B8206-B57E-45F1-8891-C6D940677C7E}.Release|Any CPU.Build.0 = Release|Any CPU
	EndGlobalSection
	GlobalSection(SolutionProperties) = preSolution
		HideSolutionNode = FALSE
	EndGlobalSection
	GlobalSection(ExtensibilityGlobals) = postSolution
		SolutionGuid = {DB12F2D4-EE9E-4346-809B-ECC2E727BE72}
	EndGlobalSection
EndGlobal
